
Microsoft Visual Studio Solution File, Format Version 12.00
# Visual Studio Version 17
VisualStudioVersion = 17.0.31903.59
MinimumVisualStudioVersion = 10.0.40219.1
Project("{2150E333-8FDC-42A3-9474-1A3956D46DE8}") = "src", "src", "{827E0CD3-B72D-47B6-A68D-7590B98EB39B}"
EndProject
Project("{FAE04EC0-301F-11D3-BF4B-00C04F79EFBC}") = "VehicleApp.Domain", "src\VehicleApp.Domain\VehicleApp.Domain.csproj", "{24F8CB4E-8C2F-4395-9FA7-E3D59841FD57}"
EndProject
Project("{FAE04EC0-301F-11D3-BF4B-00C04F79EFBC}") = "VehicleApp.Application", "src\VehicleApp.Application\VehicleApp.Application.csproj", "{993A953F-4F22-4733-A945-43C292F2A3F3}"
EndProject
Project("{FAE04EC0-301F-11D3-BF4B-00C04F79EFBC}") = "VehicleApp.Infrastructure", "src\VehicleApp.Infrastructure\VehicleApp.Infrastructure.csproj", "{850A6418-D692-4E9F-99B0-95F6E0A19DC4}"
EndProject
Project("{FAE04EC0-301F-11D3-BF4B-00C04F79EFBC}") = "VehicleApp.Api", "src\VehicleApp.Api\VehicleApp.Api.csproj", "{D21CDE9A-23CD-4F61-B461-6EA11319438B}"
EndProject
Project("{2150E333-8FDC-42A3-9474-1A3956D46DE8}") = "tests", "tests", "{0AB3BF05-4346-4AA6-1389-037BE0695223}"
EndProject
Project("{FAE04EC0-301F-11D3-BF4B-00C04F79EFBC}") = "VehicleApp.UnitTests", "tests\VehicleApp.UnitTests\VehicleApp.UnitTests.csproj", "{321D6212-3C6F-4071-AD4C-0D6FDF198DA8}"
EndProject
Project("{FAE04EC0-301F-11D3-BF4B-00C04F79EFBC}") = "VehicleApp.IntegrationTests", "tests\VehicleApp.IntegrationTests\VehicleApp.IntegrationTests.csproj", "{32874449-55B5-4A9D-B387-225A72EE1F49}"
EndProject
Global
	GlobalSection(SolutionConfigurationPlatforms) = preSolution
		Debug|Any CPU = Debug|Any CPU
		Debug|x64 = Debug|x64
		Debug|x86 = Debug|x86
		Release|Any CPU = Release|Any CPU
		Release|x64 = Release|x64
		Release|x86 = Release|x86
	EndGlobalSection
	GlobalSection(ProjectConfigurationPlatforms) = postSolution
		{24F8CB4E-8C2F-4395-9FA7-E3D59841FD57}.Debug|Any CPU.ActiveCfg = Debug|Any CPU
		{24F8CB4E-8C2F-4395-9FA7-E3D59841FD57}.Debug|Any CPU.Build.0 = Debug|Any CPU
		{24F8CB4E-8C2F-4395-9FA7-E3D59841FD57}.Debug|x64.ActiveCfg = Debug|Any CPU
		{24F8CB4E-8C2F-4395-9FA7-E3D59841FD57}.Debug|x64.Build.0 = Debug|Any CPU
		{24F8CB4E-8C2F-4395-9FA7-E3D59841FD57}.Debug|x86.ActiveCfg = Debug|Any CPU
		{24F8CB4E-8C2F-4395-9FA7-E3D59841FD57}.Debug|x86.Build.0 = Debug|Any CPU
		{24F8CB4E-8C2F-4395-9FA7-E3D59841FD57}.Release|Any CPU.ActiveCfg = Release|Any CPU
		{24F8CB4E-8C2F-4395-9FA7-E3D59841FD57}.Release|Any CPU.Build.0 = Release|Any CPU
		{24F8CB4E-8C2F-4395-9FA7-E3D59841FD57}.Release|x64.ActiveCfg = Release|Any CPU
		{24F8CB4E-8C2F-4395-9FA7-E3D59841FD57}.Release|x64.Build.0 = Release|Any CPU
		{24F8CB4E-8C2F-4395-9FA7-E3D59841FD57}.Release|x86.ActiveCfg = Release|Any CPU
		{24F8CB4E-8C2F-4395-9FA7-E3D59841FD57}.Release|x86.Build.0 = Release|Any CPU
		{993A953F-4F22-4733-A945-43C292F2A3F3}.Debug|Any CPU.ActiveCfg = Debug|Any CPU
		{993A953F-4F22-4733-A945-43C292F2A3F3}.Debug|Any CPU.Build.0 = Debug|Any CPU
		{993A953F-4F22-4733-A945-43C292F2A3F3}.Debug|x64.ActiveCfg = Debug|Any CPU
		{993A953F-4F22-4733-A945-43C292F2A3F3}.Debug|x64.Build.0 = Debug|Any CPU
		{993A953F-4F22-4733-A945-43C292F2A3F3}.Debug|x86.ActiveCfg = Debug|Any CPU
		{993A953F-4F22-4733-A945-43C292F2A3F3}.Debug|x86.Build.0 = Debug|Any CPU
		{993A953F-4F22-4733-A945-43C292F2A3F3}.Release|Any CPU.ActiveCfg = Release|Any CPU
		{993A953F-4F22-4733-A945-43C292F2A3F3}.Release|Any CPU.Build.0 = Release|Any CPU
		{993A953F-4F22-4733-A945-43C292F2A3F3}.Release|x64.ActiveCfg = Release|Any CPU
		{993A953F-4F22-4733-A945-43C292F2A3F3}.Release|x64.Build.0 = Release|Any CPU
		{993A953F-4F22-4733-A945-43C292F2A3F3}.Release|x86.ActiveCfg = Release|Any CPU
		{993A953F-4F22-4733-A945-43C292F2A3F3}.Release|x86.Build.0 = Release|Any CPU
		{850A6418-D692-4E9F-99B0-95F6E0A19DC4}.Debug|Any CPU.ActiveCfg = Debug|Any CPU
		{850A6418-D692-4E9F-99B0-95F6E0A19DC4}.Debug|Any CPU.Build.0 = Debug|Any CPU
		{850A6418-D692-4E9F-99B0-95F6E0A19DC4}.Debug|x64.ActiveCfg = Debug|Any CPU
		{850A6418-D692-4E9F-99B0-95F6E0A19DC4}.Debug|x64.Build.0 = Debug|Any CPU
		{850A6418-D692-4E9F-99B0-95F6E0A19DC4}.Debug|x86.ActiveCfg = Debug|Any CPU
		{850A6418-D692-4E9F-99B0-95F6E0A19DC4}.Debug|x86.Build.0 = Debug|Any CPU
		{850A6418-D692-4E9F-99B0-95F6E0A19DC4}.Release|Any CPU.ActiveCfg = Release|Any CPU
		{850A6418-D692-4E9F-99B0-95F6E0A19DC4}.Release|Any CPU.Build.0 = Release|Any CPU
		{850A6418-D692-4E9F-99B0-95F6E0A19DC4}.Release|x64.ActiveCfg = Release|Any CPU
		{850A6418-D692-4E9F-99B0-95F6E0A19DC4}.Release|x64.Build.0 = Release|Any CPU
		{850A6418-D692-4E9F-99B0-95F6E0A19DC4}.Release|x86.ActiveCfg = Release|Any CPU
		{850A6418-D692-4E9F-99B0-95F6E0A19DC4}.Release|x86.Build.0 = Release|Any CPU
		{D21CDE9A-23CD-4F61-B461-6EA11319438B}.Debug|Any CPU.ActiveCfg = Debug|Any CPU
		{D21CDE9A-23CD-4F61-B461-6EA11319438B}.Debug|Any CPU.Build.0 = Debug|Any CPU
		{D21CDE9A-23CD-4F61-B461-6EA11319438B}.Debug|x64.ActiveCfg = Debug|Any CPU
		{D21CDE9A-23CD-4F61-B461-6EA11319438B}.Debug|x64.Build.0 = Debug|Any CPU
		{D21CDE9A-23CD-4F61-B461-6EA11319438B}.Debug|x86.ActiveCfg = Debug|Any CPU
		{D21CDE9A-23CD-4F61-B461-6EA11319438B}.Debug|x86.Build.0 = Debug|Any CPU
		{D21CDE9A-23CD-4F61-B461-6EA11319438B}.Release|Any CPU.ActiveCfg = Release|Any CPU
		{D21CDE9A-23CD-4F61-B461-6EA11319438B}.Release|Any CPU.Build.0 = Release|Any CPU
		{D21CDE9A-23CD-4F61-B461-6EA11319438B}.Release|x64.ActiveCfg = Release|Any CPU
		{D21CDE9A-23CD-4F61-B461-6EA11319438B}.Release|x64.Build.0 = Release|Any CPU
		{D21CDE9A-23CD-4F61-B461-6EA11319438B}.Release|x86.ActiveCfg = Release|Any CPU
		{D21CDE9A-23CD-4F61-B461-6EA11319438B}.Release|x86.Build.0 = Release|Any CPU
		{321D6212-3C6F-4071-AD4C-0D6FDF198DA8}.Debug|Any CPU.ActiveCfg = Debug|Any CPU
		{321D6212-3C6F-4071-AD4C-0D6FDF198DA8}.Debug|Any CPU.Build.0 = Debug|Any CPU
		{321D6212-3C6F-4071-AD4C-0D6FDF198DA8}.Debug|x64.ActiveCfg = Debug|Any CPU
		{321D6212-3C6F-4071-AD4C-0D6FDF198DA8}.Debug|x64.Build.0 = Debug|Any CPU
		{321D6212-3C6F-4071-AD4C-0D6FDF198DA8}.Debug|x86.ActiveCfg = Debug|Any CPU
		{321D6212-3C6F-4071-AD4C-0D6FDF198DA8}.Debug|x86.Build.0 = Debug|Any CPU
		{321D6212-3C6F-4071-AD4C-0D6FDF198DA8}.Release|Any CPU.ActiveCfg = Release|Any CPU
		{321D6212-3C6F-4071-AD4C-0D6FDF198DA8}.Release|Any CPU.Build.0 = Release|Any CPU
		{321D6212-3C6F-4071-AD4C-0D6FDF198DA8}.Release|x64.ActiveCfg = Release|Any CPU
		{321D6212-3C6F-4071-AD4C-0D6FDF198DA8}.Release|x64.Build.0 = Release|Any CPU
		{321D6212-3C6F-4071-AD4C-0D6FDF198DA8}.Release|x86.ActiveCfg = Release|Any CPU
		{321D6212-3C6F-4071-AD4C-0D6FDF198DA8}.Release|x86.Build.0 = Release|Any CPU
		{32874449-55B5-4A9D-B387-225A72EE1F49}.Debug|Any CPU.ActiveCfg = Debug|Any CPU
		{32874449-55B5-4A9D-B387-225A72EE1F49}.Debug|Any CPU.Build.0 = Debug|Any CPU
		{32874449-55B5-4A9D-B387-225A72EE1F49}.Debug|x64.ActiveCfg = Debug|Any CPU
		{32874449-55B5-4A9D-B387-225A72EE1F49}.Debug|x64.Build.0 = Debug|Any CPU
		{32874449-55B5-4A9D-B387-225A72EE1F49}.Debug|x86.ActiveCfg = Debug|Any CPU
		{32874449-55B5-4A9D-B387-225A72EE1F49}.Debug|x86.Build.0 = Debug|Any CPU
		{32874449-55B5-4A9D-B387-225A72EE1F49}.Release|Any CPU.ActiveCfg = Release|Any CPU
		{32874449-55B5-4A9D-B387-225A72EE1F49}.Release|Any CPU.Build.0 = Release|Any CPU
		{32874449-55B5-4A9D-B387-225A72EE1F49}.Release|x64.ActiveCfg = Release|Any CPU
		{32874449-55B5-4A9D-B387-225A72EE1F49}.Release|x64.Build.0 = Release|Any CPU
		{32874449-55B5-4A9D-B387-225A72EE1F49}.Release|x86.ActiveCfg = Release|Any CPU
		{32874449-55B5-4A9D-B387-225A72EE1F49}.Release|x86.Build.0 = Release|Any CPU
	EndGlobalSection
	GlobalSection(SolutionProperties) = preSolution
		HideSolutionNode = FALSE
	EndGlobalSection
	GlobalSection(NestedProjects) = preSolution
		{24F8CB4E-8C2F-4395-9FA7-E3D59841FD57} = {827E0CD3-B72D-47B6-A68D-7590B98EB39B}
		{993A953F-4F22-4733-A945-43C292F2A3F3} = {827E0CD3-B72D-47B6-A68D-7590B98EB39B}
		{850A6418-D692-4E9F-99B0-95F6E0A19DC4} = {827E0CD3-B72D-47B6-A68D-7590B98EB39B}
		{D21CDE9A-23CD-4F61-B461-6EA11319438B} = {827E0CD3-B72D-47B6-A68D-7590B98EB39B}
		{321D6212-3C6F-4071-AD4C-0D6FDF198DA8} = {0AB3BF05-4346-4AA6-1389-037BE0695223}
		{32874449-55B5-4A9D-B387-225A72EE1F49} = {0AB3BF05-4346-4AA6-1389-037BE0695223}
	EndGlobalSection
EndGlobal
